#MicroXplorer Configuration settings - do not modify
Mcu.Family=STM32F1
ProjectManager.MainLocation=Core/Src
PC15-OSC32_OUT.Mode=LSE-External-Oscillator
ProjectManager.ProjectFileName=007_BMS.ioc
ADC1.Rank-0\#ChannelRegularConversion=1
PD1-OSC_OUT.Mode=HSE-External-Oscillator
ProjectManager.KeepUserCode=true
Mcu.UserName=STM32F101C8Tx
Mcu.PinsNb=19
SPI1.VirtualType=VM_MASTER
PB10.Mode=Asynchronous
ProjectManager.NoMain=false
SPI1.IPParameters=VirtualType,Mode,Direction,CalculateBaudRate
ADC1.IPParameters=Rank-0\#ChannelRegularConversion,Channel-0\#ChannelRegularConversion,SamplingTime-0\#ChannelRegularConversion,NbrOfConversionFlag,master
SH.ADCx_IN2.0=ADC1_IN2,IN2
RCC.PLLCLKFreq_Value=8000000
ProjectManager.functionlistsort=1-MX_GPIO_Init-GPIO-false-HAL-true,2-SystemClock_Config-RCC-false-HAL-false,3-MX_SPI1_Init-SPI1-false-HAL-true,4-MX_USART3_UART_Init-USART3-false-HAL-true
PA3.GPIOParameters=GPIO_Label
ProjectManager.DefaultFWLocation=true
PB6.GPIO_Label=SPI1_CS
PD0-OSC_IN.Signal=RCC_OSC_IN
ProjectManager.DeletePrevious=true
PC14-OSC32_IN.Signal=RCC_OSC32_IN
PB11.Signal=USART3_RX
PinOutPanel.RotationAngle=0
RCC.FamilyName=M
ProjectManager.StackSize=0x400
PA0-WKUP.Signal=ADCx_IN0
PD1-OSC_OUT.Signal=RCC_OSC_OUT
PA13.Signal=SYS_JTMS-SWDIO
Mcu.IP4=SYS
Mcu.IP5=USART3
NVIC.SVCall_IRQn=true\:0\:0\:false\:false\:true\:false\:false
Mcu.IP2=RCC
Mcu.IP3=SPI1
Mcu.IP0=ADC1
Mcu.IP1=NVIC
Mcu.UserConstants=
PB11.Mode=Asynchronous
ProjectManager.TargetToolchain=STM32CubeIDE
Mcu.ThirdPartyNb=0
SPI1.Direction=SPI_DIRECTION_2LINES
SH.ADCx_IN3.0=ADC1_IN3,IN3
Mcu.IPNb=6
ProjectManager.PreviousToolchain=
PB6.Signal=GPIO_Output
PB5.Locked=true
SH.ADCx_IN3.ConfNb=1
SPI1.CalculateBaudRate=4.0 MBits/s
Mcu.Pin6=PA2
Mcu.Pin7=PA3
ProjectManager.RegisterCallBack=
Mcu.Pin8=PA4
Mcu.Pin9=PA5
PC15-OSC32_OUT.Signal=RCC_OSC32_OUT
PA1.Signal=ADCx_IN1
Mcu.Pin0=PC14-OSC32_IN
Mcu.Pin1=PC15-OSC32_OUT
GPIO.groupedBy=Group By Peripherals
Mcu.Pin2=PD0-OSC_IN
PD0-OSC_IN.Mode=HSE-External-Oscillator
PB10.Signal=USART3_TX
Mcu.Pin3=PD1-OSC_OUT
Mcu.Pin4=PA0-WKUP
Mcu.Pin5=PA1
PA5.Signal=ADCx_IN5
ADC1.Channel-0\#ChannelRegularConversion=ADC_CHANNEL_0
ProjectManager.ProjectBuild=false
NVIC.UsageFault_IRQn=true\:0\:0\:false\:false\:true\:false\:false
NVIC.DebugMonitor_IRQn=true\:0\:0\:false\:false\:true\:false\:false
PB3.Mode=Full_Duplex_Master
board=custom
NVIC.SysTick_IRQn=true\:0\:0\:false\:false\:true\:false\:true
ProjectManager.LastFirmware=true
ProjectManager.FirmwarePackage=STM32Cube FW_F1 V1.8.3
MxDb.Version=DB.6.0.20
RCC.APB2Freq_Value=8000000
PB4.Mode=Full_Duplex_Master
ProjectManager.BackupPrevious=false
MxCube.Version=6.2.0
PC14-OSC32_IN.Mode=LSE-External-Oscillator
SPI1.Mode=SPI_MODE_MASTER
PA14.Mode=Serial_Wire
SH.ADCx_IN0.ConfNb=1
SH.ADCx_IN1.ConfNb=1
SH.ADCx_IN2.ConfNb=1
PB5.Mode=Full_Duplex_Master
File.Version=6
VP_SYS_VS_Systick.Mode=SysTick
SH.ADCx_IN4.0=ADC1_IN4,IN4
NVIC.NonMaskableInt_IRQn=true\:0\:0\:false\:false\:true\:false\:false
SH.ADCx_IN0.0=ADC1_IN0,IN0
SH.ADCx_IN4.ConfNb=1
PA4.GPIOParameters=GPIO_Label
PB6.Locked=true
NVIC.PendSV_IRQn=true\:0\:0\:false\:false\:true\:false\:false
PA13.Mode=Serial_Wire
ProjectManager.FreePins=false
RCC.IPParameters=APB1Freq_Value,APB2Freq_Value,FamilyName,PLLCLKFreq_Value,PLLMCOFreq_Value,TimSysFreq_Value
ProjectManager.AskForMigrate=true
Mcu.Name=STM32F101C(8-B)Tx
PB6.GPIOParameters=GPIO_Label
ProjectManager.HalAssertFull=false
ADC1.SamplingTime-0\#ChannelRegularConversion=ADC_SAMPLETIME_1CYCLE_5
PA2.Signal=ADCx_IN2
ProjectManager.ProjectName=007_BMS
ProjectManager.UnderRoot=true
RCC.PLLMCOFreq_Value=4000000
ProjectManager.CoupleFile=false
PB4.Locked=true
PB3.Signal=SPI1_SCK
PA4.Signal=ADCx_IN4
Mcu.Package=LQFP48
PB5.Signal=SPI1_MOSI
RCC.TimSysFreq_Value=8000000
ADC1.master=1
PA5.GPIO_Label=ACS_SUPPLY
NVIC.ForceEnableDMAVector=true
KeepUserPlacement=false
USART3.VirtualMode=VM_ASYNC
NVIC.MemoryManagement_IRQn=true\:0\:0\:false\:false\:true\:false\:false
ProjectManager.CompilerOptimize=6
ProjectManager.ToolChainLocation=
VP_SYS_VS_Systick.Signal=SYS_VS_Systick
USART3.IPParameters=VirtualMode
PA14.Signal=SYS_JTCK-SWCLK
ProjectManager.HeapSize=0x200
Mcu.Pin15=PB4
NVIC.HardFault_IRQn=true\:0\:0\:false\:false\:true\:false\:false
Mcu.Pin16=PB5
PA5.GPIOParameters=GPIO_Label
Mcu.Pin13=PA14
Mcu.Pin14=PB3
ProjectManager.ComputerToolchain=false
Mcu.Pin17=PB6
Mcu.Pin18=VP_SYS_VS_Systick
SH.ADCx_IN5.0=ADC1_IN5,IN5
NVIC.PriorityGroup=NVIC_PRIORITYGROUP_4
ADC1.NbrOfConversionFlag=1
SH.ADCx_IN1.0=ADC1_IN1,IN1
Mcu.Pin11=PB11
Mcu.Pin12=PA13
Mcu.Pin10=PB10
NVIC.BusFault_IRQn=true\:0\:0\:false\:false\:true\:false\:false
SH.ADCx_IN5.ConfNb=1
RCC.APB1Freq_Value=8000000
PA4.GPIO_Label=ACS_OUT
ProjectManager.CustomerFirmwarePackage=
ProjectManager.DeviceId=STM32F101C8Tx
ProjectManager.LibraryCopy=1
PB3.Locked=true
PB4.Signal=SPI1_MISO
PA3.GPIO_Label=NTC
PA3.Signal=ADCx_IN3
isbadioc=false
